
Microsoft Visual Studio Solution File, Format Version 12.00
# Visual Studio 14
VisualStudioVersion = 14.0.25420.1
MinimumVisualStudioVersion = 10.0.40219.1
Project("{FAE04EC0-301F-11D3-BF4B-00C04F79EFBC}") = "Tinytools", "Tinytools\Tinytools.csproj", "{34A509BE-E299-47A4-8ACC-B6018F434C3C}"
EndProject
Project("{FAE04EC0-301F-11D3-BF4B-00C04F79EFBC}") = "HidRawTools", "HidRawTools\HidRawTools.csproj", "{B6BF41D3-B8F7-4E5B-B718-E7ED60F0A328}"
EndProject
Project("{FAE04EC0-301F-11D3-BF4B-00C04F79EFBC}") = "Prototype", "AVRTools\Prototype.csproj", "{3E73E504-14CE-4153-B55D-F2A6BA0B24E0}"
EndProject
Global
	GlobalSection(SolutionConfigurationPlatforms) = preSolution
		Debug|Any CPU = Debug|Any CPU
		Release|Any CPU = Release|Any CPU
	EndGlobalSection
	GlobalSection(ProjectConfigurationPlatforms) = postSolution
		{34A509BE-E299-47A4-8ACC-B6018F434C3C}.Debug|Any CPU.ActiveCfg = Debug|Any CPU
		{34A509BE-E299-47A4-8ACC-B6018F434C3C}.Debug|Any CPU.Build.0 = Debug|Any CPU
		{34A509BE-E299-47A4-8ACC-B6018F434C3C}.Release|Any CPU.ActiveCfg = Release|Any CPU
		{34A509BE-E299-47A4-8ACC-B6018F434C3C}.Release|Any CPU.Build.0 = Release|Any CPU
		{B6BF41D3-B8F7-4E5B-B718-E7ED60F0A328}.Debug|Any CPU.ActiveCfg = Debug|Any CPU
		{B6BF41D3-B8F7-4E5B-B718-E7ED60F0A328}.Debug|Any CPU.Build.0 = Debug|Any CPU
		{B6BF41D3-B8F7-4E5B-B718-E7ED60F0A328}.Release|Any CPU.ActiveCfg = Release|Any CPU
		{B6BF41D3-B8F7-4E5B-B718-E7ED60F0A328}.Release|Any CPU.Build.0 = Release|Any CPU
		{3E73E504-14CE-4153-B55D-F2A6BA0B24E0}.Debug|Any CPU.ActiveCfg = Debug|Any CPU
		{3E73E504-14CE-4153-B55D-F2A6BA0B24E0}.Debug|Any CPU.Build.0 = Debug|Any CPU
		{3E73E504-14CE-4153-B55D-F2A6BA0B24E0}.Release|Any CPU.ActiveCfg = Release|Any CPU
		{3E73E504-14CE-4153-B55D-F2A6BA0B24E0}.Release|Any CPU.Build.0 = Release|Any CPU
	EndGlobalSection
	GlobalSection(SolutionProperties) = preSolution
		HideSolutionNode = FALSE
	EndGlobalSection
EndGlobal
